
Microsoft Visual Studio Solution File, Format Version 12.00
# Visual Studio Version 17
VisualStudioVersion = 17.11.35222.181
MinimumVisualStudioVersion = 10.0.40219.1
Project("{FAE04EC0-301F-11D3-BF4B-00C04F79EFBC}") = "001_Euclid_sohee", "001_Euclid_sohee\001_Euclid_sohee.csproj", "{6CDB52E9-3E73-4357-B274-6C81F0F56189}"
EndProject
Global
	GlobalSection(SolutionConfigurationPlatforms) = preSolution
		Debug|Any CPU = Debug|Any CPU
		Release|Any CPU = Release|Any CPU
	EndGlobalSection
	GlobalSection(ProjectConfigurationPlatforms) = postSolution
		{6CDB52E9-3E73-4357-B274-6C81F0F56189}.Debug|Any CPU.ActiveCfg = Debug|Any CPU
		{6CDB52E9-3E73-4357-B274-6C81F0F56189}.Debug|Any CPU.Build.0 = Debug|Any CPU
		{6CDB52E9-3E73-4357-B274-6C81F0F56189}.Release|Any CPU.ActiveCfg = Release|Any CPU
		{6CDB52E9-3E73-4357-B274-6C81F0F56189}.Release|Any CPU.Build.0 = Release|Any CPU
	EndGlobalSection
	GlobalSection(SolutionProperties) = preSolution
		HideSolutionNode = FALSE
	EndGlobalSection
	GlobalSection(ExtensibilityGlobals) = postSolution
		SolutionGuid = {290DB8D0-8E35-41E7-972A-2FEC7B0B2E11}
	EndGlobalSection
EndGlobal
